// !$*UTF8*$!
{
	archiveVersion = 1;
	classes = {
	};
	objectVersion = 56;
	objects = {

/* Begin PBXBuildFile section */
		E71B294B29F16AE800A74C26 /* PostTableViewCell.swift in Sources */ = {isa = PBXBuildFile; fileRef = E71B294A29F16AE800A74C26 /* PostTableViewCell.swift */; };
		E74ED3C229E459A000B85BF3 /* ProfileTableHederView.swift in Sources */ = {isa = PBXBuildFile; fileRef = E74ED3C129E459A000B85BF3 /* ProfileTableHederView.swift */; };
		E75A4ED629DEB8B400AE08D6 /* Post.swift in Sources */ = {isa = PBXBuildFile; fileRef = E75A4ED529DEB8B300AE08D6 /* Post.swift */; };
		E75AB03229DD6AFC004D5DB3 /* AppDelegate.swift in Sources */ = {isa = PBXBuildFile; fileRef = E75AB03129DD6AFC004D5DB3 /* AppDelegate.swift */; };
		E75AB03429DD6AFC004D5DB3 /* SceneDelegate.swift in Sources */ = {isa = PBXBuildFile; fileRef = E75AB03329DD6AFC004D5DB3 /* SceneDelegate.swift */; };
		E75AB03629DD6AFC004D5DB3 /* MainTabBarController.swift in Sources */ = {isa = PBXBuildFile; fileRef = E75AB03529DD6AFC004D5DB3 /* MainTabBarController.swift */; };
		E75AB03B29DD6AFD004D5DB3 /* Assets.xcassets in Resources */ = {isa = PBXBuildFile; fileRef = E75AB03A29DD6AFD004D5DB3 /* Assets.xcassets */; };
		E75AB03E29DD6AFD004D5DB3 /* LaunchScreen.storyboard in Resources */ = {isa = PBXBuildFile; fileRef = E75AB03C29DD6AFD004D5DB3 /* LaunchScreen.storyboard */; };
		E75AB04829DD7E19004D5DB3 /* ProfileViewController.swift in Sources */ = {isa = PBXBuildFile; fileRef = E75AB04729DD7E19004D5DB3 /* ProfileViewController.swift */; };
		E75AB04A29DD7E3D004D5DB3 /* FeedViewController.swift in Sources */ = {isa = PBXBuildFile; fileRef = E75AB04929DD7E3D004D5DB3 /* FeedViewController.swift */; };
		E75AB05029DD887D004D5DB3 /* CustomColor.swift in Sources */ = {isa = PBXBuildFile; fileRef = E75AB04F29DD887D004D5DB3 /* CustomColor.swift */; };
		E75AB05229DD9490004D5DB3 /* PostViewController.swift in Sources */ = {isa = PBXBuildFile; fileRef = E75AB05129DD9490004D5DB3 /* PostViewController.swift */; };
		E7774C7529F00E3000E42DB0 /* LogInViewController.swift in Sources */ = {isa = PBXBuildFile; fileRef = E7774C7429F00E3000E42DB0 /* LogInViewController.swift */; };
		E78D061A29F94091002E8F3A /* PhotosTableViewCell.swift in Sources */ = {isa = PBXBuildFile; fileRef = E78D061929F94091002E8F3A /* PhotosTableViewCell.swift */; };
		E78D061E29F9415E002E8F3A /* PhotosViewController.swift in Sources */ = {isa = PBXBuildFile; fileRef = E78D061D29F9415E002E8F3A /* PhotosViewController.swift */; };
		E78D062029F94A72002E8F3A /* UITableViewCell+Ext.swift in Sources */ = {isa = PBXBuildFile; fileRef = E78D061F29F94A72002E8F3A /* UITableViewCell+Ext.swift */; };
		E78D062229FA7B6E002E8F3A /* DataForPhotoCell.swift in Sources */ = {isa = PBXBuildFile; fileRef = E78D062129FA7B6E002E8F3A /* DataForPhotoCell.swift */; };
		E78D062429FA8520002E8F3A /* PhotoCollectionViewCell.swift in Sources */ = {isa = PBXBuildFile; fileRef = E78D062329FA8520002E8F3A /* PhotoCollectionViewCell.swift */; };
		E7C0BE8C2A13864900284EB6 /* Email Validation.swift in Sources */ = {isa = PBXBuildFile; fileRef = E7C0BE8B2A13864900284EB6 /* Email Validation.swift */; };
		E7C92E4329F548A700E978E3 /* UIView+Extensions.swift in Sources */ = {isa = PBXBuildFile; fileRef = E7C92E4229F548A700E978E3 /* UIView+Extensions.swift */; };
		E7DF6C1B29F139BD008A0030 /* UITableView+Extensions.swift in Sources */ = {isa = PBXBuildFile; fileRef = E7DF6C1A29F139BD008A0030 /* UITableView+Extensions.swift */; };
		E7F91DF52A16384E00423082 /* Posts.swift in Sources */ = {isa = PBXBuildFile; fileRef = E7F91DF42A16384E00423082 /* Posts.swift */; };
		E7FF7CE529DEF8DB00C33098 /* InfoViewController.swift in Sources */ = {isa = PBXBuildFile; fileRef = E7FF7CE429DEF8DB00C33098 /* InfoViewController.swift */; };
/* End PBXBuildFile section */

/* Begin PBXFileReference section */
		E71B294A29F16AE800A74C26 /* PostTableViewCell.swift */ = {isa = PBXFileReference; lastKnownFileType = sourcecode.swift; path = PostTableViewCell.swift; sourceTree = "<group>"; };
		E74ED3C129E459A000B85BF3 /* ProfileTableHederView.swift */ = {isa = PBXFileReference; lastKnownFileType = sourcecode.swift; path = ProfileTableHederView.swift; sourceTree = "<group>"; };
		E75A4ED529DEB8B300AE08D6 /* Post.swift */ = {isa = PBXFileReference; lastKnownFileType = sourcecode.swift; path = Post.swift; sourceTree = "<group>"; };
		E75AB02E29DD6AFC004D5DB3 /* Navigation.app */ = {isa = PBXFileReference; explicitFileType = wrapper.application; includeInIndex = 0; path = Navigation.app; sourceTree = BUILT_PRODUCTS_DIR; };
		E75AB03129DD6AFC004D5DB3 /* AppDelegate.swift */ = {isa = PBXFileReference; lastKnownFileType = sourcecode.swift; path = AppDelegate.swift; sourceTree = "<group>"; };
		E75AB03329DD6AFC004D5DB3 /* SceneDelegate.swift */ = {isa = PBXFileReference; lastKnownFileType = sourcecode.swift; path = SceneDelegate.swift; sourceTree = "<group>"; };
		E75AB03529DD6AFC004D5DB3 /* MainTabBarController.swift */ = {isa = PBXFileReference; lastKnownFileType = sourcecode.swift; path = MainTabBarController.swift; sourceTree = "<group>"; };
		E75AB03A29DD6AFD004D5DB3 /* Assets.xcassets */ = {isa = PBXFileReference; lastKnownFileType = folder.assetcatalog; path = Assets.xcassets; sourceTree = "<group>"; };
		E75AB03D29DD6AFD004D5DB3 /* Base */ = {isa = PBXFileReference; lastKnownFileType = file.storyboard; name = Base; path = Base.lproj/LaunchScreen.storyboard; sourceTree = "<group>"; };
		E75AB03F29DD6AFD004D5DB3 /* Info.plist */ = {isa = PBXFileReference; lastKnownFileType = text.plist.xml; path = Info.plist; sourceTree = "<group>"; };
		E75AB04729DD7E19004D5DB3 /* ProfileViewController.swift */ = {isa = PBXFileReference; lastKnownFileType = sourcecode.swift; path = ProfileViewController.swift; sourceTree = "<group>"; };
		E75AB04929DD7E3D004D5DB3 /* FeedViewController.swift */ = {isa = PBXFileReference; lastKnownFileType = sourcecode.swift; path = FeedViewController.swift; sourceTree = "<group>"; };
		E75AB04F29DD887D004D5DB3 /* CustomColor.swift */ = {isa = PBXFileReference; lastKnownFileType = sourcecode.swift; path = CustomColor.swift; sourceTree = "<group>"; };
		E75AB05129DD9490004D5DB3 /* PostViewController.swift */ = {isa = PBXFileReference; lastKnownFileType = sourcecode.swift; path = PostViewController.swift; sourceTree = "<group>"; };
		E7774C7429F00E3000E42DB0 /* LogInViewController.swift */ = {isa = PBXFileReference; lastKnownFileType = sourcecode.swift; path = LogInViewController.swift; sourceTree = "<group>"; };
		E78D061929F94091002E8F3A /* PhotosTableViewCell.swift */ = {isa = PBXFileReference; lastKnownFileType = sourcecode.swift; path = PhotosTableViewCell.swift; sourceTree = "<group>"; };
		E78D061D29F9415E002E8F3A /* PhotosViewController.swift */ = {isa = PBXFileReference; lastKnownFileType = sourcecode.swift; path = PhotosViewController.swift; sourceTree = "<group>"; };
		E78D061F29F94A72002E8F3A /* UITableViewCell+Ext.swift */ = {isa = PBXFileReference; lastKnownFileType = sourcecode.swift; path = "UITableViewCell+Ext.swift"; sourceTree = "<group>"; };
		E78D062129FA7B6E002E8F3A /* DataForPhotoCell.swift */ = {isa = PBXFileReference; lastKnownFileType = sourcecode.swift; path = DataForPhotoCell.swift; sourceTree = "<group>"; };
		E78D062329FA8520002E8F3A /* PhotoCollectionViewCell.swift */ = {isa = PBXFileReference; lastKnownFileType = sourcecode.swift; path = PhotoCollectionViewCell.swift; sourceTree = "<group>"; };
		E7C0BE8B2A13864900284EB6 /* Email Validation.swift */ = {isa = PBXFileReference; lastKnownFileType = sourcecode.swift; path = "Email Validation.swift"; sourceTree = "<group>"; };
		E7C92E4229F548A700E978E3 /* UIView+Extensions.swift */ = {isa = PBXFileReference; lastKnownFileType = sourcecode.swift; path = "UIView+Extensions.swift"; sourceTree = "<group>"; };
		E7DF6C1A29F139BD008A0030 /* UITableView+Extensions.swift */ = {isa = PBXFileReference; lastKnownFileType = sourcecode.swift; name = "UITableView+Extensions.swift"; path = "Navigation/Extensions/UITableView+Extensions.swift"; sourceTree = SOURCE_ROOT; };
		E7F91DF42A16384E00423082 /* Posts.swift */ = {isa = PBXFileReference; lastKnownFileType = sourcecode.swift; path = Posts.swift; sourceTree = "<group>"; };
		E7FF7CE429DEF8DB00C33098 /* InfoViewController.swift */ = {isa = PBXFileReference; lastKnownFileType = sourcecode.swift; path = InfoViewController.swift; sourceTree = "<group>"; };
/* End PBXFileReference section */

/* Begin PBXFrameworksBuildPhase section */
		E75AB02B29DD6AFC004D5DB3 /* Frameworks */ = {
			isa = PBXFrameworksBuildPhase;
			buildActionMask = 2147483647;
			files = (
			);
			runOnlyForDeploymentPostprocessing = 0;
		};
/* End PBXFrameworksBuildPhase section */

/* Begin PBXGroup section */
		E74ED3C029E4594D00B85BF3 /* ProfileControllers */ = {
			isa = PBXGroup;
			children = (
				E78D061D29F9415E002E8F3A /* PhotosViewController.swift */,
				E7774C7429F00E3000E42DB0 /* LogInViewController.swift */,
				E75AB04729DD7E19004D5DB3 /* ProfileViewController.swift */,
				E74ED3C129E459A000B85BF3 /* ProfileTableHederView.swift */,
				E78D061829F9404C002E8F3A /* Cells */,
			);
			path = ProfileControllers;
			sourceTree = "<group>";
		};
		E75AB02529DD6AFC004D5DB3 = {
			isa = PBXGroup;
			children = (
				E75AB03029DD6AFC004D5DB3 /* Navigation */,
				E75AB02F29DD6AFC004D5DB3 /* Products */,
			);
			sourceTree = "<group>";
		};
		E75AB02F29DD6AFC004D5DB3 /* Products */ = {
			isa = PBXGroup;
			children = (
				E75AB02E29DD6AFC004D5DB3 /* Navigation.app */,
			);
			name = Products;
			sourceTree = "<group>";
		};
		E75AB03029DD6AFC004D5DB3 /* Navigation */ = {
			isa = PBXGroup;
			children = (
				E75AB03129DD6AFC004D5DB3 /* AppDelegate.swift */,
				E75AB03329DD6AFC004D5DB3 /* SceneDelegate.swift */,
				E75AB05329DDAE3E004D5DB3 /* Controllers */,
				E7C92E4129F5486C00E978E3 /* Extensions */,
				E78D062529FA8F1F002E8F3A /* Data structs */,
				E75AB03A29DD6AFD004D5DB3 /* Assets.xcassets */,
				E75AB03C29DD6AFD004D5DB3 /* LaunchScreen.storyboard */,
				E75AB03F29DD6AFD004D5DB3 /* Info.plist */,
			);
			path = Navigation;
			sourceTree = "<group>";
		};
		E75AB05329DDAE3E004D5DB3 /* Controllers */ = {
			isa = PBXGroup;
			children = (
				E75AB03529DD6AFC004D5DB3 /* MainTabBarController.swift */,
				E74ED3C029E4594D00B85BF3 /* ProfileControllers */,
				E7F8C42F29FAD87200D7DE26 /* FeedControllers */,
			);
			path = Controllers;
			sourceTree = "<group>";
		};
		E78D061829F9404C002E8F3A /* Cells */ = {
			isa = PBXGroup;
			children = (
				E71B294A29F16AE800A74C26 /* PostTableViewCell.swift */,
				E78D062329FA8520002E8F3A /* PhotoCollectionViewCell.swift */,
				E78D061929F94091002E8F3A /* PhotosTableViewCell.swift */,
			);
			path = Cells;
			sourceTree = "<group>";
		};
		E78D062529FA8F1F002E8F3A /* Data structs */ = {
			isa = PBXGroup;
			children = (
				E75A4ED529DEB8B300AE08D6 /* Post.swift */,
				E7F91DF42A16384E00423082 /* Posts.swift */,
				E78D062129FA7B6E002E8F3A /* DataForPhotoCell.swift */,
				E75AB04F29DD887D004D5DB3 /* CustomColor.swift */,
			);
			path = "Data structs";
			sourceTree = "<group>";
		};
		E7C92E4129F5486C00E978E3 /* Extensions */ = {
			isa = PBXGroup;
			children = (
				E7DF6C1A29F139BD008A0030 /* UITableView+Extensions.swift */,
				E7C92E4229F548A700E978E3 /* UIView+Extensions.swift */,
				E7C0BE8B2A13864900284EB6 /* Email Validation.swift */,
				E78D061F29F94A72002E8F3A /* UITableViewCell+Ext.swift */,
			);
			path = Extensions;
			sourceTree = "<group>";
		};
		E7F8C42F29FAD87200D7DE26 /* FeedControllers */ = {
			isa = PBXGroup;
			children = (
				E75AB04929DD7E3D004D5DB3 /* FeedViewController.swift */,
				E75AB05129DD9490004D5DB3 /* PostViewController.swift */,
				E7FF7CE429DEF8DB00C33098 /* InfoViewController.swift */,
			);
			path = FeedControllers;
			sourceTree = "<group>";
		};
/* End PBXGroup section */

/* Begin PBXNativeTarget section */
		E75AB02D29DD6AFC004D5DB3 /* Navigation */ = {
			isa = PBXNativeTarget;
			buildConfigurationList = E75AB04229DD6AFD004D5DB3 /* Build configuration list for PBXNativeTarget "Navigation" */;
			buildPhases = (
				E75AB02A29DD6AFC004D5DB3 /* Sources */,
				E75AB02B29DD6AFC004D5DB3 /* Frameworks */,
				E75AB02C29DD6AFC004D5DB3 /* Resources */,
			);
			buildRules = (
			);
			dependencies = (
			);
			name = Navigation;
			productName = Navigation;
			productReference = E75AB02E29DD6AFC004D5DB3 /* Navigation.app */;
			productType = "com.apple.product-type.application";
		};
/* End PBXNativeTarget section */

/* Begin PBXProject section */
		E75AB02629DD6AFC004D5DB3 /* Project object */ = {
			isa = PBXProject;
			attributes = {
				BuildIndependentTargetsInParallel = 1;
				LastSwiftUpdateCheck = 1430;
				LastUpgradeCheck = 1430;
				TargetAttributes = {
					E75AB02D29DD6AFC004D5DB3 = {
						CreatedOnToolsVersion = 14.3;
					};
				};
			};
			buildConfigurationList = E75AB02929DD6AFC004D5DB3 /* Build configuration list for PBXProject "Navigation" */;
			compatibilityVersion = "Xcode 14.0";
			developmentRegion = en;
			hasScannedForEncodings = 0;
			knownRegions = (
				en,
				Base,
			);
			mainGroup = E75AB02529DD6AFC004D5DB3;
			productRefGroup = E75AB02F29DD6AFC004D5DB3 /* Products */;
			projectDirPath = "";
			projectRoot = "";
			targets = (
				E75AB02D29DD6AFC004D5DB3 /* Navigation */,
			);
		};
/* End PBXProject section */

/* Begin PBXResourcesBuildPhase section */
		E75AB02C29DD6AFC004D5DB3 /* Resources */ = {
			isa = PBXResourcesBuildPhase;
			buildActionMask = 2147483647;
			files = (
				E75AB03E29DD6AFD004D5DB3 /* LaunchScreen.storyboard in Resources */,
				E75AB03B29DD6AFD004D5DB3 /* Assets.xcassets in Resources */,
			);
			runOnlyForDeploymentPostprocessing = 0;
		};
/* End PBXResourcesBuildPhase section */

/* Begin PBXSourcesBuildPhase section */
		E75AB02A29DD6AFC004D5DB3 /* Sources */ = {
			isa = PBXSourcesBuildPhase;
			buildActionMask = 2147483647;
			files = (
				E7C0BE8C2A13864900284EB6 /* Email Validation.swift in Sources */,
				E7F91DF52A16384E00423082 /* Posts.swift in Sources */,
				E78D061A29F94091002E8F3A /* PhotosTableViewCell.swift in Sources */,
				E78D061E29F9415E002E8F3A /* PhotosViewController.swift in Sources */,
				E78D062229FA7B6E002E8F3A /* DataForPhotoCell.swift in Sources */,
				E7C92E4329F548A700E978E3 /* UIView+Extensions.swift in Sources */,
				E78D062429FA8520002E8F3A /* PhotoCollectionViewCell.swift in Sources */,
				E75AB04A29DD7E3D004D5DB3 /* FeedViewController.swift in Sources */,
				E75AB03629DD6AFC004D5DB3 /* MainTabBarController.swift in Sources */,
				E71B294B29F16AE800A74C26 /* PostTableViewCell.swift in Sources */,
				E7774C7529F00E3000E42DB0 /* LogInViewController.swift in Sources */,
				E7DF6C1B29F139BD008A0030 /* UITableView+Extensions.swift in Sources */,
				E75AB05229DD9490004D5DB3 /* PostViewController.swift in Sources */,
				E75A4ED629DEB8B400AE08D6 /* Post.swift in Sources */,
				E75AB05029DD887D004D5DB3 /* CustomColor.swift in Sources */,
				E78D062029F94A72002E8F3A /* UITableViewCell+Ext.swift in Sources */,
				E75AB04829DD7E19004D5DB3 /* ProfileViewController.swift in Sources */,
				E75AB03229DD6AFC004D5DB3 /* AppDelegate.swift in Sources */,
				E74ED3C229E459A000B85BF3 /* ProfileTableHederView.swift in Sources */,
				E7FF7CE529DEF8DB00C33098 /* InfoViewController.swift in Sources */,
				E75AB03429DD6AFC004D5DB3 /* SceneDelegate.swift in Sources */,
			);
			runOnlyForDeploymentPostprocessing = 0;
		};
/* End PBXSourcesBuildPhase section */

/* Begin PBXVariantGroup section */
		E75AB03C29DD6AFD004D5DB3 /* LaunchScreen.storyboard */ = {
			isa = PBXVariantGroup;
			children = (
				E75AB03D29DD6AFD004D5DB3 /* Base */,
			);
			name = LaunchScreen.storyboard;
			sourceTree = "<group>";
		};
/* End PBXVariantGroup section */

/* Begin XCBuildConfiguration section */
		E75AB04029DD6AFD004D5DB3 /* Debug */ = {
			isa = XCBuildConfiguration;
			buildSettings = {
				ALWAYS_SEARCH_USER_PATHS = NO;
				CLANG_ANALYZER_NONNULL = YES;
				CLANG_ANALYZER_NUMBER_OBJECT_CONVERSION = YES_AGGRESSIVE;
				CLANG_CXX_LANGUAGE_STANDARD = "gnu++20";
				CLANG_ENABLE_MODULES = YES;
				CLANG_ENABLE_OBJC_ARC = YES;
				CLANG_ENABLE_OBJC_WEAK = YES;
				CLANG_WARN_BLOCK_CAPTURE_AUTORELEASING = YES;
				CLANG_WARN_BOOL_CONVERSION = YES;
				CLANG_WARN_COMMA = YES;
				CLANG_WARN_CONSTANT_CONVERSION = YES;
				CLANG_WARN_DEPRECATED_OBJC_IMPLEMENTATIONS = YES;
				CLANG_WARN_DIRECT_OBJC_ISA_USAGE = YES_ERROR;
				CLANG_WARN_DOCUMENTATION_COMMENTS = YES;
				CLANG_WARN_EMPTY_BODY = YES;
				CLANG_WARN_ENUM_CONVERSION = YES;
				CLANG_WARN_INFINITE_RECURSION = YES;
				CLANG_WARN_INT_CONVERSION = YES;
				CLANG_WARN_NON_LITERAL_NULL_CONVERSION = YES;
				CLANG_WARN_OBJC_IMPLICIT_RETAIN_SELF = YES;
				CLANG_WARN_OBJC_LITERAL_CONVERSION = YES;
				CLANG_WARN_OBJC_ROOT_CLASS = YES_ERROR;
				CLANG_WARN_QUOTED_INCLUDE_IN_FRAMEWORK_HEADER = YES;
				CLANG_WARN_RANGE_LOOP_ANALYSIS = YES;
				CLANG_WARN_STRICT_PROTOTYPES = YES;
				CLANG_WARN_SUSPICIOUS_MOVE = YES;
				CLANG_WARN_UNGUARDED_AVAILABILITY = YES_AGGRESSIVE;
				CLANG_WARN_UNREACHABLE_CODE = YES;
				CLANG_WARN__DUPLICATE_METHOD_MATCH = YES;
				COPY_PHASE_STRIP = NO;
				DEBUG_INFORMATION_FORMAT = dwarf;
				ENABLE_STRICT_OBJC_MSGSEND = YES;
				ENABLE_TESTABILITY = YES;
				GCC_C_LANGUAGE_STANDARD = gnu11;
				GCC_DYNAMIC_NO_PIC = NO;
				GCC_NO_COMMON_BLOCKS = YES;
				GCC_OPTIMIZATION_LEVEL = 0;
				GCC_PREPROCESSOR_DEFINITIONS = (
					"DEBUG=1",
					"$(inherited)",
				);
				GCC_WARN_64_TO_32_BIT_CONVERSION = YES;
				GCC_WARN_ABOUT_RETURN_TYPE = YES_ERROR;
				GCC_WARN_UNDECLARED_SELECTOR = YES;
				GCC_WARN_UNINITIALIZED_AUTOS = YES_AGGRESSIVE;
				GCC_WARN_UNUSED_FUNCTION = YES;
				GCC_WARN_UNUSED_VARIABLE = YES;
				IPHONEOS_DEPLOYMENT_TARGET = 16.4;
				MTL_ENABLE_DEBUG_INFO = INCLUDE_SOURCE;
				MTL_FAST_MATH = YES;
				ONLY_ACTIVE_ARCH = YES;
				SDKROOT = iphoneos;
				SWIFT_ACTIVE_COMPILATION_CONDITIONS = DEBUG;
				SWIFT_OPTIMIZATION_LEVEL = "-Onone";
			};
			name = Debug;
		};
		E75AB04129DD6AFD004D5DB3 /* Release */ = {
			isa = XCBuildConfiguration;
			buildSettings = {
				ALWAYS_SEARCH_USER_PATHS = NO;
				CLANG_ANALYZER_NONNULL = YES;
				CLANG_ANALYZER_NUMBER_OBJECT_CONVERSION = YES_AGGRESSIVE;
				CLANG_CXX_LANGUAGE_STANDARD = "gnu++20";
				CLANG_ENABLE_MODULES = YES;
				CLANG_ENABLE_OBJC_ARC = YES;
				CLANG_ENABLE_OBJC_WEAK = YES;
				CLANG_WARN_BLOCK_CAPTURE_AUTORELEASING = YES;
				CLANG_WARN_BOOL_CONVERSION = YES;
				CLANG_WARN_COMMA = YES;
				CLANG_WARN_CONSTANT_CONVERSION = YES;
				CLANG_WARN_DEPRECATED_OBJC_IMPLEMENTATIONS = YES;
				CLANG_WARN_DIRECT_OBJC_ISA_USAGE = YES_ERROR;
				CLANG_WARN_DOCUMENTATION_COMMENTS = YES;
				CLANG_WARN_EMPTY_BODY = YES;
				CLANG_WARN_ENUM_CONVERSION = YES;
				CLANG_WARN_INFINITE_RECURSION = YES;
				CLANG_WARN_INT_CONVERSION = YES;
				CLANG_WARN_NON_LITERAL_NULL_CONVERSION = YES;
				CLANG_WARN_OBJC_IMPLICIT_RETAIN_SELF = YES;
				CLANG_WARN_OBJC_LITERAL_CONVERSION = YES;
				CLANG_WARN_OBJC_ROOT_CLASS = YES_ERROR;
				CLANG_WARN_QUOTED_INCLUDE_IN_FRAMEWORK_HEADER = YES;
				CLANG_WARN_RANGE_LOOP_ANALYSIS = YES;
				CLANG_WARN_STRICT_PROTOTYPES = YES;
				CLANG_WARN_SUSPICIOUS_MOVE = YES;
				CLANG_WARN_UNGUARDED_AVAILABILITY = YES_AGGRESSIVE;
				CLANG_WARN_UNREACHABLE_CODE = YES;
				CLANG_WARN__DUPLICATE_METHOD_MATCH = YES;
				COPY_PHASE_STRIP = NO;
				DEBUG_INFORMATION_FORMAT = "dwarf-with-dsym";
				ENABLE_NS_ASSERTIONS = NO;
				ENABLE_STRICT_OBJC_MSGSEND = YES;
				GCC_C_LANGUAGE_STANDARD = gnu11;
				GCC_NO_COMMON_BLOCKS = YES;
				GCC_WARN_64_TO_32_BIT_CONVERSION = YES;
				GCC_WARN_ABOUT_RETURN_TYPE = YES_ERROR;
				GCC_WARN_UNDECLARED_SELECTOR = YES;
				GCC_WARN_UNINITIALIZED_AUTOS = YES_AGGRESSIVE;
				GCC_WARN_UNUSED_FUNCTION = YES;
				GCC_WARN_UNUSED_VARIABLE = YES;
				IPHONEOS_DEPLOYMENT_TARGET = 16.4;
				MTL_ENABLE_DEBUG_INFO = NO;
				MTL_FAST_MATH = YES;
				SDKROOT = iphoneos;
				SWIFT_COMPILATION_MODE = wholemodule;
				SWIFT_OPTIMIZATION_LEVEL = "-O";
				VALIDATE_PRODUCT = YES;
			};
			name = Release;
		};
		E75AB04329DD6AFD004D5DB3 /* Debug */ = {
			isa = XCBuildConfiguration;
			buildSettings = {
				ASSETCATALOG_COMPILER_APPICON_NAME = AppIcon;
				ASSETCATALOG_COMPILER_GLOBAL_ACCENT_COLOR_NAME = AccentColor;
				CODE_SIGN_STYLE = Automatic;
				CURRENT_PROJECT_VERSION = 1;
				DEVELOPMENT_TEAM = KVUL538JKH;
				GENERATE_INFOPLIST_FILE = YES;
				INFOPLIST_FILE = Navigation/Info.plist;
				INFOPLIST_KEY_UIApplicationSupportsIndirectInputEvents = YES;
				INFOPLIST_KEY_UILaunchStoryboardName = LaunchScreen;
				INFOPLIST_KEY_UISupportedInterfaceOrientations = UIInterfaceOrientationPortrait;
				INFOPLIST_KEY_UISupportedInterfaceOrientations_iPad = "UIInterfaceOrientationLandscapeLeft UIInterfaceOrientationLandscapeRight UIInterfaceOrientationPortrait UIInterfaceOrientationPortraitUpsideDown";
				LD_RUNPATH_SEARCH_PATHS = (
					"$(inherited)",
					"@executable_path/Frameworks",
				);
				MARKETING_VERSION = 1.0;
				PRODUCT_BUNDLE_IDENTIFIER = "Popov-Vladimir.Navigation";
				PRODUCT_NAME = "$(TARGET_NAME)";
				SUPPORTED_PLATFORMS = "iphoneos iphonesimulator";
				SUPPORTS_MACCATALYST = NO;
				SUPPORTS_MAC_DESIGNED_FOR_IPHONE_IPAD = NO;
				SWIFT_EMIT_LOC_STRINGS = YES;
				SWIFT_VERSION = 5.0;
				TARGETED_DEVICE_FAMILY = 1;
			};
			name = Debug;
		};
		E75AB04429DD6AFD004D5DB3 /* Release */ = {
			isa = XCBuildConfiguration;
			buildSettings = {
				ASSETCATALOG_COMPILER_APPICON_NAME = AppIcon;
				ASSETCATALOG_COMPILER_GLOBAL_ACCENT_COLOR_NAME = AccentColor;
				CODE_SIGN_STYLE = Automatic;
				CURRENT_PROJECT_VERSION = 1;
				DEVELOPMENT_TEAM = KVUL538JKH;
				GENERATE_INFOPLIST_FILE = YES;
				INFOPLIST_FILE = Navigation/Info.plist;
				INFOPLIST_KEY_UIApplicationSupportsIndirectInputEvents = YES;
				INFOPLIST_KEY_UILaunchStoryboardName = LaunchScreen;
				INFOPLIST_KEY_UISupportedInterfaceOrientations = UIInterfaceOrientationPortrait;
				INFOPLIST_KEY_UISupportedInterfaceOrientations_iPad = "UIInterfaceOrientationLandscapeLeft UIInterfaceOrientationLandscapeRight UIInterfaceOrientationPortrait UIInterfaceOrientationPortraitUpsideDown";
				LD_RUNPATH_SEARCH_PATHS = (
					"$(inherited)",
					"@executable_path/Frameworks",
				);
				MARKETING_VERSION = 1.0;
				PRODUCT_BUNDLE_IDENTIFIER = "Popov-Vladimir.Navigation";
				PRODUCT_NAME = "$(TARGET_NAME)";
				SUPPORTED_PLATFORMS = "iphoneos iphonesimulator";
				SUPPORTS_MACCATALYST = NO;
				SUPPORTS_MAC_DESIGNED_FOR_IPHONE_IPAD = NO;
				SWIFT_EMIT_LOC_STRINGS = YES;
				SWIFT_VERSION = 5.0;
				TARGETED_DEVICE_FAMILY = 1;
			};
			name = Release;
		};
/* End XCBuildConfiguration section */

/* Begin XCConfigurationList section */
		E75AB02929DD6AFC004D5DB3 /* Build configuration list for PBXProject "Navigation" */ = {
			isa = XCConfigurationList;
			buildConfigurations = (
				E75AB04029DD6AFD004D5DB3 /* Debug */,
				E75AB04129DD6AFD004D5DB3 /* Release */,
			);
			defaultConfigurationIsVisible = 0;
			defaultConfigurationName = Release;
		};
		E75AB04229DD6AFD004D5DB3 /* Build configuration list for PBXNativeTarget "Navigation" */ = {
			isa = XCConfigurationList;
			buildConfigurations = (
				E75AB04329DD6AFD004D5DB3 /* Debug */,
				E75AB04429DD6AFD004D5DB3 /* Release */,
			);
			defaultConfigurationIsVisible = 0;
			defaultConfigurationName = Release;
		};
/* End XCConfigurationList section */
	};
	rootObject = E75AB02629DD6AFC004D5DB3 /* Project object */;
}
